
Microsoft Visual Studio Solution File, Format Version 12.00
# Visual Studio Version 16
VisualStudioVersion = 16.0.29201.188
MinimumVisualStudioVersion = 10.0.40219.1
Project("{888888A0-9F3D-457C-B088-3A5042F75D52}") = "FlaskWebProjectTest1", "FlaskWebProjectTest1\FlaskWebProjectTest1.pyproj", "{AA5F89B6-D53D-4D3F-9D83-50E514C2635A}"
EndProject
Global
	GlobalSection(SolutionConfigurationPlatforms) = preSolution
		Debug|Any CPU = Debug|Any CPU
		Release|Any CPU = Release|Any CPU
	EndGlobalSection
	GlobalSection(ProjectConfigurationPlatforms) = postSolution
		{AA5F89B6-D53D-4D3F-9D83-50E514C2635A}.Debug|Any CPU.ActiveCfg = Debug|Any CPU
		{AA5F89B6-D53D-4D3F-9D83-50E514C2635A}.Debug|Any CPU.Build.0 = Debug|Any CPU
		{AA5F89B6-D53D-4D3F-9D83-50E514C2635A}.Release|Any CPU.ActiveCfg = Release|Any CPU
		{AA5F89B6-D53D-4D3F-9D83-50E514C2635A}.Release|Any CPU.Build.0 = Release|Any CPU
	EndGlobalSection
	GlobalSection(SolutionProperties) = preSolution
		HideSolutionNode = FALSE
	EndGlobalSection
	GlobalSection(ExtensibilityGlobals) = postSolution
		SolutionGuid = {88400F55-FE1A-4E6D-A142-82A3D0E5521C}
	EndGlobalSection
EndGlobal
